// !$*UTF8*$!
{
	archiveVersion = 1;
	classes = {
	};
	objectVersion = 51;
	objects = {

/* Begin PBXBuildFile section */
		56AAB008AC359BCB025F0A4C /* Pods_SmartRoadMobile.framework in Frameworks */ = {isa = PBXBuildFile; fileRef = 1B786EBB3F0508E41A9C088F /* Pods_SmartRoadMobile.framework */; };
		EA04E5E523C717C900F34F29 /* AdminManager.swift in Sources */ = {isa = PBXBuildFile; fileRef = EA04E5E423C717C900F34F29 /* AdminManager.swift */; };
		EA04E5E723C717D500F34F29 /* AdminManagerOutput.swift in Sources */ = {isa = PBXBuildFile; fileRef = EA04E5E623C717D500F34F29 /* AdminManagerOutput.swift */; };
		EA04E5EA23C71E6E00F34F29 /* AdminServiceTableViewCell.swift in Sources */ = {isa = PBXBuildFile; fileRef = EA04E5E923C71E6E00F34F29 /* AdminServiceTableViewCell.swift */; };
		EA0B8B2023A926A80070143C /* LoginViewController.swift in Sources */ = {isa = PBXBuildFile; fileRef = EA0B8B1F23A926A80070143C /* LoginViewController.swift */; };
		EA0B8B2823A92A330070143C /* Localizable.strings in Resources */ = {isa = PBXBuildFile; fileRef = EA0B8B2A23A92A330070143C /* Localizable.strings */; };
		EA0B8B2E23A92BB90070143C /* Const.swift in Sources */ = {isa = PBXBuildFile; fileRef = EA0B8B2D23A92BB90070143C /* Const.swift */; };
		EA0B8B3123A92CA10070143C /* UIButton+imageAlignment.swift in Sources */ = {isa = PBXBuildFile; fileRef = EA0B8B3023A92CA10070143C /* UIButton+imageAlignment.swift */; };
		EA0B8B3D23A94FC20070143C /* ServiceType.swift in Sources */ = {isa = PBXBuildFile; fileRef = EA0B8B3C23A94FC20070143C /* ServiceType.swift */; };
		EA0E4FCF23B10EE80023DB2F /* MapKit.framework in Frameworks */ = {isa = PBXBuildFile; fileRef = EA0E4FCE23B10EE80023DB2F /* MapKit.framework */; };
		EA0E4FD223B10F5A0023DB2F /* MapViewController.swift in Sources */ = {isa = PBXBuildFile; fileRef = EA0E4FD123B10F5A0023DB2F /* MapViewController.swift */; };
		EA1212BF23A9B20E0018CE0E /* AddServiceViewController.swift in Sources */ = {isa = PBXBuildFile; fileRef = EA1212BE23A9B20E0018CE0E /* AddServiceViewController.swift */; };
		EA1212C123A9B3CF0018CE0E /* ServiceStation.swift in Sources */ = {isa = PBXBuildFile; fileRef = EA1212C023A9B3CF0018CE0E /* ServiceStation.swift */; };
		EA1212C623A9BDA60018CE0E /* ServicesViewController.swift in Sources */ = {isa = PBXBuildFile; fileRef = EA1212C523A9BDA60018CE0E /* ServicesViewController.swift */; };
		EA1212D223A9C08F0018CE0E /* ServiceTableViewCell.swift in Sources */ = {isa = PBXBuildFile; fileRef = EA1212D023A9C08F0018CE0E /* ServiceTableViewCell.swift */; };
		EA1212D323A9C08F0018CE0E /* ServiceTableViewCell.xib in Resources */ = {isa = PBXBuildFile; fileRef = EA1212D123A9C08F0018CE0E /* ServiceTableViewCell.xib */; };
		EA3AE02723B0CD1D00EF2639 /* ServiceTableViewCellDelegate.swift in Sources */ = {isa = PBXBuildFile; fileRef = EA3AE02623B0CD1D00EF2639 /* ServiceTableViewCellDelegate.swift */; };
		EA4B02E223AE413200093637 /* AuthorizationManager.swift in Sources */ = {isa = PBXBuildFile; fileRef = EA4B02E123AE413200093637 /* AuthorizationManager.swift */; };
		EA4B02E523AE41A000093637 /* AuthorizationManagerOutput.swift in Sources */ = {isa = PBXBuildFile; fileRef = EA4B02E423AE41A000093637 /* AuthorizationManagerOutput.swift */; };
		EA4B02E723AE42A900093637 /* Command.swift in Sources */ = {isa = PBXBuildFile; fileRef = EA4B02E623AE42A900093637 /* Command.swift */; };
		EA4B02EA23AE4AE000093637 /* RoadsManager.swift in Sources */ = {isa = PBXBuildFile; fileRef = EA4B02E923AE4AE000093637 /* RoadsManager.swift */; };
		EA4B02EC23AE4AF200093637 /* RoadsManagerOutput.swift in Sources */ = {isa = PBXBuildFile; fileRef = EA4B02EB23AE4AF200093637 /* RoadsManagerOutput.swift */; };
		EA4B02EF23AE4FFE00093637 /* ServiceTypesManager.swift in Sources */ = {isa = PBXBuildFile; fileRef = EA4B02EE23AE4FFE00093637 /* ServiceTypesManager.swift */; };
		EA4B02F123AE500A00093637 /* ServiceTypesManagerOutput.swift in Sources */ = {isa = PBXBuildFile; fileRef = EA4B02F023AE500A00093637 /* ServiceTypesManagerOutput.swift */; };
		EA4B02F423AE522E00093637 /* ServiceStationsManager.swift in Sources */ = {isa = PBXBuildFile; fileRef = EA4B02F323AE522E00093637 /* ServiceStationsManager.swift */; };
		EA4B02F623AE523D00093637 /* ServiceStationsManagerOutput.swift in Sources */ = {isa = PBXBuildFile; fileRef = EA4B02F523AE523D00093637 /* ServiceStationsManagerOutput.swift */; };
		EA6B1F3823A9703A000B5510 /* User.swift in Sources */ = {isa = PBXBuildFile; fileRef = EA6B1F3723A9703A000B5510 /* User.swift */; };
		EA6B1F3B23A980A5000B5510 /* MainViewController.swift in Sources */ = {isa = PBXBuildFile; fileRef = EA6B1F3A23A980A5000B5510 /* MainViewController.swift */; };
		EA6B1F3D23A99152000B5510 /* RoadsViewController.swift in Sources */ = {isa = PBXBuildFile; fileRef = EA6B1F3C23A99152000B5510 /* RoadsViewController.swift */; };
		EA7C4F8B23A92591001F93B3 /* AppDelegate.swift in Sources */ = {isa = PBXBuildFile; fileRef = EA7C4F8A23A92591001F93B3 /* AppDelegate.swift */; };
		EA7C4F8D23A92591001F93B3 /* SceneDelegate.swift in Sources */ = {isa = PBXBuildFile; fileRef = EA7C4F8C23A92591001F93B3 /* SceneDelegate.swift */; };
		EA7C4F9223A92591001F93B3 /* Main.storyboard in Resources */ = {isa = PBXBuildFile; fileRef = EA7C4F9023A92591001F93B3 /* Main.storyboard */; };
		EA7C4F9423A92593001F93B3 /* Assets.xcassets in Resources */ = {isa = PBXBuildFile; fileRef = EA7C4F9323A92593001F93B3 /* Assets.xcassets */; };
		EA7C4F9723A92593001F93B3 /* LaunchScreen.storyboard in Resources */ = {isa = PBXBuildFile; fileRef = EA7C4F9523A92593001F93B3 /* LaunchScreen.storyboard */; };
		EAA26F6A23AD0E5B000E53F6 /* Oswald-Bold.ttf in Resources */ = {isa = PBXBuildFile; fileRef = EAA26F6423AD0E5A000E53F6 /* Oswald-Bold.ttf */; };
		EAA26F6B23AD0E5B000E53F6 /* Oswald-Light.ttf in Resources */ = {isa = PBXBuildFile; fileRef = EAA26F6523AD0E5A000E53F6 /* Oswald-Light.ttf */; };
		EAA26F6C23AD0E5B000E53F6 /* Oswald-Regular.ttf in Resources */ = {isa = PBXBuildFile; fileRef = EAA26F6623AD0E5A000E53F6 /* Oswald-Regular.ttf */; };
		EAA26F6D23AD0E5B000E53F6 /* Oswald-ExtraLight.ttf in Resources */ = {isa = PBXBuildFile; fileRef = EAA26F6723AD0E5A000E53F6 /* Oswald-ExtraLight.ttf */; };
		EAA26F6E23AD0E5B000E53F6 /* Oswald-Medium.ttf in Resources */ = {isa = PBXBuildFile; fileRef = EAA26F6823AD0E5A000E53F6 /* Oswald-Medium.ttf */; };
		EAA26F6F23AD0E5B000E53F6 /* Oswald-SemiBold.ttf in Resources */ = {isa = PBXBuildFile; fileRef = EAA26F6923AD0E5A000E53F6 /* Oswald-SemiBold.ttf */; };
		EAA26F7123AD1907000E53F6 /* MenuCollectionViewCellDelegate.swift in Sources */ = {isa = PBXBuildFile; fileRef = EAA26F7023AD1907000E53F6 /* MenuCollectionViewCellDelegate.swift */; };
		EAA26F7323AD1ED8000E53F6 /* GradientColorCalculator.swift in Sources */ = {isa = PBXBuildFile; fileRef = EAA26F7223AD1ED8000E53F6 /* GradientColorCalculator.swift */; };
		EAC3628423ABCAC800BC5CBD /* MenuCollectionViewCell.swift in Sources */ = {isa = PBXBuildFile; fileRef = EAC3628223ABCAC800BC5CBD /* MenuCollectionViewCell.swift */; };
		EAC3628523ABCAC800BC5CBD /* MenuCollectionViewCell.xib in Resources */ = {isa = PBXBuildFile; fileRef = EAC3628323ABCAC800BC5CBD /* MenuCollectionViewCell.xib */; };
		EAC3628723ABCCDD00BC5CBD /* MenuItem.swift in Sources */ = {isa = PBXBuildFile; fileRef = EAC3628623ABCCDD00BC5CBD /* MenuItem.swift */; };
		EAC3628923ACD0CC00BC5CBD /* String+email.swift in Sources */ = {isa = PBXBuildFile; fileRef = EAC3628823ACD0CC00BC5CBD /* String+email.swift */; };
		EACD37B823B124BD004764AA /* RouteInfo.swift in Sources */ = {isa = PBXBuildFile; fileRef = EACD37B723B124BD004764AA /* RouteInfo.swift */; };
		EACD37BA23B1258D004764AA /* Double+round.swift in Sources */ = {isa = PBXBuildFile; fileRef = EACD37B923B1258D004764AA /* Double+round.swift */; };
		EACF1D5223C7105C008C2C28 /* AdminViewController.swift in Sources */ = {isa = PBXBuildFile; fileRef = EACF1D5123C7105C008C2C28 /* AdminViewController.swift */; };
		EADB6E4723ACD4DD00A6FA89 /* NSLayoutConstraint+multiplier.swift in Sources */ = {isa = PBXBuildFile; fileRef = EADB6E4623ACD4DD00A6FA89 /* NSLayoutConstraint+multiplier.swift */; };
		EADB6E4923ACEDA500A6FA89 /* UIView+textAnimation.swift in Sources */ = {isa = PBXBuildFile; fileRef = EADB6E4823ACEDA500A6FA89 /* UIView+textAnimation.swift */; };
		EAF6E8BA23A9A2900040E910 /* RoadTableViewCell.swift in Sources */ = {isa = PBXBuildFile; fileRef = EAF6E8B823A9A2900040E910 /* RoadTableViewCell.swift */; };
		EAF6E8BB23A9A2900040E910 /* RoadTableViewCell.xib in Resources */ = {isa = PBXBuildFile; fileRef = EAF6E8B923A9A2900040E910 /* RoadTableViewCell.xib */; };
		EAF6E8BD23A9A2A80040E910 /* Road.swift in Sources */ = {isa = PBXBuildFile; fileRef = EAF6E8BC23A9A2A80040E910 /* Road.swift */; };
/* End PBXBuildFile section */

/* Begin PBXFileReference section */
		1B786EBB3F0508E41A9C088F /* Pods_SmartRoadMobile.framework */ = {isa = PBXFileReference; explicitFileType = wrapper.framework; includeInIndex = 0; path = Pods_SmartRoadMobile.framework; sourceTree = BUILT_PRODUCTS_DIR; };
		69CB9B8A95AA2CE42CD3CE27 /* Pods-SmartRoadMobile.debug.xcconfig */ = {isa = PBXFileReference; includeInIndex = 1; lastKnownFileType = text.xcconfig; name = "Pods-SmartRoadMobile.debug.xcconfig"; path = "Target Support Files/Pods-SmartRoadMobile/Pods-SmartRoadMobile.debug.xcconfig"; sourceTree = "<group>"; };
		69E661D9335B70A898D87401 /* Pods-SmartRoadMobile.release.xcconfig */ = {isa = PBXFileReference; includeInIndex = 1; lastKnownFileType = text.xcconfig; name = "Pods-SmartRoadMobile.release.xcconfig"; path = "Target Support Files/Pods-SmartRoadMobile/Pods-SmartRoadMobile.release.xcconfig"; sourceTree = "<group>"; };
		EA04E5E423C717C900F34F29 /* AdminManager.swift */ = {isa = PBXFileReference; lastKnownFileType = sourcecode.swift; path = AdminManager.swift; sourceTree = "<group>"; };
		EA04E5E623C717D500F34F29 /* AdminManagerOutput.swift */ = {isa = PBXFileReference; lastKnownFileType = sourcecode.swift; path = AdminManagerOutput.swift; sourceTree = "<group>"; };
		EA04E5E923C71E6E00F34F29 /* AdminServiceTableViewCell.swift */ = {isa = PBXFileReference; lastKnownFileType = sourcecode.swift; path = AdminServiceTableViewCell.swift; sourceTree = "<group>"; };
		EA0B8B1F23A926A80070143C /* LoginViewController.swift */ = {isa = PBXFileReference; lastKnownFileType = sourcecode.swift; path = LoginViewController.swift; sourceTree = "<group>"; };
		EA0B8B2923A92A330070143C /* en */ = {isa = PBXFileReference; lastKnownFileType = text.plist.strings; name = en; path = en.lproj/Localizable.strings; sourceTree = "<group>"; };
		EA0B8B2B23A92A5D0070143C /* uk */ = {isa = PBXFileReference; lastKnownFileType = text.plist.strings; name = uk; path = uk.lproj/Localizable.strings; sourceTree = "<group>"; };
		EA0B8B2D23A92BB90070143C /* Const.swift */ = {isa = PBXFileReference; lastKnownFileType = sourcecode.swift; path = Const.swift; sourceTree = "<group>"; };
		EA0B8B3023A92CA10070143C /* UIButton+imageAlignment.swift */ = {isa = PBXFileReference; lastKnownFileType = sourcecode.swift; path = "UIButton+imageAlignment.swift"; sourceTree = "<group>"; };
		EA0B8B3C23A94FC20070143C /* ServiceType.swift */ = {isa = PBXFileReference; lastKnownFileType = sourcecode.swift; path = ServiceType.swift; sourceTree = "<group>"; };
		EA0E4FCE23B10EE80023DB2F /* MapKit.framework */ = {isa = PBXFileReference; lastKnownFileType = wrapper.framework; name = MapKit.framework; path = System/Library/Frameworks/MapKit.framework; sourceTree = SDKROOT; };
		EA0E4FD123B10F5A0023DB2F /* MapViewController.swift */ = {isa = PBXFileReference; lastKnownFileType = sourcecode.swift; path = MapViewController.swift; sourceTree = "<group>"; };
		EA1212BE23A9B20E0018CE0E /* AddServiceViewController.swift */ = {isa = PBXFileReference; lastKnownFileType = sourcecode.swift; path = AddServiceViewController.swift; sourceTree = "<group>"; };
		EA1212C023A9B3CF0018CE0E /* ServiceStation.swift */ = {isa = PBXFileReference; lastKnownFileType = sourcecode.swift; path = ServiceStation.swift; sourceTree = "<group>"; };
		EA1212C523A9BDA60018CE0E /* ServicesViewController.swift */ = {isa = PBXFileReference; lastKnownFileType = sourcecode.swift; path = ServicesViewController.swift; sourceTree = "<group>"; };
		EA1212D023A9C08F0018CE0E /* ServiceTableViewCell.swift */ = {isa = PBXFileReference; lastKnownFileType = sourcecode.swift; path = ServiceTableViewCell.swift; sourceTree = "<group>"; };
		EA1212D123A9C08F0018CE0E /* ServiceTableViewCell.xib */ = {isa = PBXFileReference; lastKnownFileType = file.xib; path = ServiceTableViewCell.xib; sourceTree = "<group>"; };
		EA3AE02623B0CD1D00EF2639 /* ServiceTableViewCellDelegate.swift */ = {isa = PBXFileReference; lastKnownFileType = sourcecode.swift; path = ServiceTableViewCellDelegate.swift; sourceTree = "<group>"; };
		EA4B02E123AE413200093637 /* AuthorizationManager.swift */ = {isa = PBXFileReference; lastKnownFileType = sourcecode.swift; path = AuthorizationManager.swift; sourceTree = "<group>"; };
		EA4B02E423AE41A000093637 /* AuthorizationManagerOutput.swift */ = {isa = PBXFileReference; lastKnownFileType = sourcecode.swift; path = AuthorizationManagerOutput.swift; sourceTree = "<group>"; };
		EA4B02E623AE42A900093637 /* Command.swift */ = {isa = PBXFileReference; lastKnownFileType = sourcecode.swift; path = Command.swift; sourceTree = "<group>"; };
		EA4B02E923AE4AE000093637 /* RoadsManager.swift */ = {isa = PBXFileReference; lastKnownFileType = sourcecode.swift; path = RoadsManager.swift; sourceTree = "<group>"; };
		EA4B02EB23AE4AF200093637 /* RoadsManagerOutput.swift */ = {isa = PBXFileReference; lastKnownFileType = sourcecode.swift; path = RoadsManagerOutput.swift; sourceTree = "<group>"; };
		EA4B02EE23AE4FFE00093637 /* ServiceTypesManager.swift */ = {isa = PBXFileReference; lastKnownFileType = sourcecode.swift; path = ServiceTypesManager.swift; sourceTree = "<group>"; };
		EA4B02F023AE500A00093637 /* ServiceTypesManagerOutput.swift */ = {isa = PBXFileReference; lastKnownFileType = sourcecode.swift; path = ServiceTypesManagerOutput.swift; sourceTree = "<group>"; };
		EA4B02F323AE522E00093637 /* ServiceStationsManager.swift */ = {isa = PBXFileReference; lastKnownFileType = sourcecode.swift; path = ServiceStationsManager.swift; sourceTree = "<group>"; };
		EA4B02F523AE523D00093637 /* ServiceStationsManagerOutput.swift */ = {isa = PBXFileReference; lastKnownFileType = sourcecode.swift; path = ServiceStationsManagerOutput.swift; sourceTree = "<group>"; };
		EA6B1F3723A9703A000B5510 /* User.swift */ = {isa = PBXFileReference; lastKnownFileType = sourcecode.swift; path = User.swift; sourceTree = "<group>"; };
		EA6B1F3A23A980A5000B5510 /* MainViewController.swift */ = {isa = PBXFileReference; lastKnownFileType = sourcecode.swift; path = MainViewController.swift; sourceTree = "<group>"; };
		EA6B1F3C23A99152000B5510 /* RoadsViewController.swift */ = {isa = PBXFileReference; lastKnownFileType = sourcecode.swift; path = RoadsViewController.swift; sourceTree = "<group>"; };
		EA7C4F8723A92591001F93B3 /* SmartRoadMobile.app */ = {isa = PBXFileReference; explicitFileType = wrapper.application; includeInIndex = 0; path = SmartRoadMobile.app; sourceTree = BUILT_PRODUCTS_DIR; };
		EA7C4F8A23A92591001F93B3 /* AppDelegate.swift */ = {isa = PBXFileReference; lastKnownFileType = sourcecode.swift; path = AppDelegate.swift; sourceTree = "<group>"; };
		EA7C4F8C23A92591001F93B3 /* SceneDelegate.swift */ = {isa = PBXFileReference; lastKnownFileType = sourcecode.swift; path = SceneDelegate.swift; sourceTree = "<group>"; };
		EA7C4F9123A92591001F93B3 /* Base */ = {isa = PBXFileReference; lastKnownFileType = file.storyboard; name = Base; path = Base.lproj/Main.storyboard; sourceTree = "<group>"; };
		EA7C4F9323A92593001F93B3 /* Assets.xcassets */ = {isa = PBXFileReference; lastKnownFileType = folder.assetcatalog; path = Assets.xcassets; sourceTree = "<group>"; };
		EA7C4F9623A92593001F93B3 /* Base */ = {isa = PBXFileReference; lastKnownFileType = file.storyboard; name = Base; path = Base.lproj/LaunchScreen.storyboard; sourceTree = "<group>"; };
		EA7C4F9823A92593001F93B3 /* Info.plist */ = {isa = PBXFileReference; lastKnownFileType = text.plist.xml; path = Info.plist; sourceTree = "<group>"; };
		EAA26F6423AD0E5A000E53F6 /* Oswald-Bold.ttf */ = {isa = PBXFileReference; lastKnownFileType = file; path = "Oswald-Bold.ttf"; sourceTree = "<group>"; };
		EAA26F6523AD0E5A000E53F6 /* Oswald-Light.ttf */ = {isa = PBXFileReference; lastKnownFileType = file; path = "Oswald-Light.ttf"; sourceTree = "<group>"; };
		EAA26F6623AD0E5A000E53F6 /* Oswald-Regular.ttf */ = {isa = PBXFileReference; lastKnownFileType = file; path = "Oswald-Regular.ttf"; sourceTree = "<group>"; };
		EAA26F6723AD0E5A000E53F6 /* Oswald-ExtraLight.ttf */ = {isa = PBXFileReference; lastKnownFileType = file; path = "Oswald-ExtraLight.ttf"; sourceTree = "<group>"; };
		EAA26F6823AD0E5A000E53F6 /* Oswald-Medium.ttf */ = {isa = PBXFileReference; lastKnownFileType = file; path = "Oswald-Medium.ttf"; sourceTree = "<group>"; };
		EAA26F6923AD0E5A000E53F6 /* Oswald-SemiBold.ttf */ = {isa = PBXFileReference; lastKnownFileType = file; path = "Oswald-SemiBold.ttf"; sourceTree = "<group>"; };
		EAA26F7023AD1907000E53F6 /* MenuCollectionViewCellDelegate.swift */ = {isa = PBXFileReference; lastKnownFileType = sourcecode.swift; path = MenuCollectionViewCellDelegate.swift; sourceTree = "<group>"; };
		EAA26F7223AD1ED8000E53F6 /* GradientColorCalculator.swift */ = {isa = PBXFileReference; lastKnownFileType = sourcecode.swift; path = GradientColorCalculator.swift; sourceTree = "<group>"; };
		EAC3628223ABCAC800BC5CBD /* MenuCollectionViewCell.swift */ = {isa = PBXFileReference; lastKnownFileType = sourcecode.swift; path = MenuCollectionViewCell.swift; sourceTree = "<group>"; };
		EAC3628323ABCAC800BC5CBD /* MenuCollectionViewCell.xib */ = {isa = PBXFileReference; lastKnownFileType = file.xib; path = MenuCollectionViewCell.xib; sourceTree = "<group>"; };
		EAC3628623ABCCDD00BC5CBD /* MenuItem.swift */ = {isa = PBXFileReference; lastKnownFileType = sourcecode.swift; path = MenuItem.swift; sourceTree = "<group>"; };
		EAC3628823ACD0CC00BC5CBD /* String+email.swift */ = {isa = PBXFileReference; lastKnownFileType = sourcecode.swift; path = "String+email.swift"; sourceTree = "<group>"; };
		EACD37B723B124BD004764AA /* RouteInfo.swift */ = {isa = PBXFileReference; lastKnownFileType = sourcecode.swift; path = RouteInfo.swift; sourceTree = "<group>"; };
		EACD37B923B1258D004764AA /* Double+round.swift */ = {isa = PBXFileReference; lastKnownFileType = sourcecode.swift; path = "Double+round.swift"; sourceTree = "<group>"; };
		EACF1D5123C7105C008C2C28 /* AdminViewController.swift */ = {isa = PBXFileReference; lastKnownFileType = sourcecode.swift; path = AdminViewController.swift; sourceTree = "<group>"; };
		EADB6E4623ACD4DD00A6FA89 /* NSLayoutConstraint+multiplier.swift */ = {isa = PBXFileReference; lastKnownFileType = sourcecode.swift; path = "NSLayoutConstraint+multiplier.swift"; sourceTree = "<group>"; };
		EADB6E4823ACEDA500A6FA89 /* UIView+textAnimation.swift */ = {isa = PBXFileReference; lastKnownFileType = sourcecode.swift; path = "UIView+textAnimation.swift"; sourceTree = "<group>"; };
		EAF6E8B823A9A2900040E910 /* RoadTableViewCell.swift */ = {isa = PBXFileReference; lastKnownFileType = sourcecode.swift; path = RoadTableViewCell.swift; sourceTree = "<group>"; };
		EAF6E8B923A9A2900040E910 /* RoadTableViewCell.xib */ = {isa = PBXFileReference; lastKnownFileType = file.xib; path = RoadTableViewCell.xib; sourceTree = "<group>"; };
		EAF6E8BC23A9A2A80040E910 /* Road.swift */ = {isa = PBXFileReference; lastKnownFileType = sourcecode.swift; path = Road.swift; sourceTree = "<group>"; };
/* End PBXFileReference section */

/* Begin PBXFrameworksBuildPhase section */
		EA7C4F8423A92591001F93B3 /* Frameworks */ = {
			isa = PBXFrameworksBuildPhase;
			buildActionMask = 2147483647;
			files = (
				EA0E4FCF23B10EE80023DB2F /* MapKit.framework in Frameworks */,
				56AAB008AC359BCB025F0A4C /* Pods_SmartRoadMobile.framework in Frameworks */,
			);
			runOnlyForDeploymentPostprocessing = 0;
		};
/* End PBXFrameworksBuildPhase section */

/* Begin PBXGroup section */
		28A2C9D90E90CA8323791EF3 /* Frameworks */ = {
			isa = PBXGroup;
			children = (
				EA0E4FCE23B10EE80023DB2F /* MapKit.framework */,
				1B786EBB3F0508E41A9C088F /* Pods_SmartRoadMobile.framework */,
			);
			name = Frameworks;
			sourceTree = "<group>";
		};
		2F21A764CB493616BB8FE38A /* Pods */ = {
			isa = PBXGroup;
			children = (
				69CB9B8A95AA2CE42CD3CE27 /* Pods-SmartRoadMobile.debug.xcconfig */,
				69E661D9335B70A898D87401 /* Pods-SmartRoadMobile.release.xcconfig */,
			);
			path = Pods;
			sourceTree = "<group>";
		};
		EA04E5E323C717AE00F34F29 /* AdminManager */ = {
			isa = PBXGroup;
			children = (
				EA04E5E423C717C900F34F29 /* AdminManager.swift */,
				EA04E5E623C717D500F34F29 /* AdminManagerOutput.swift */,
			);
			path = AdminManager;
			sourceTree = "<group>";
		};
		EA04E5E823C71E3A00F34F29 /* AdminServiceTableViewCell */ = {
			isa = PBXGroup;
			children = (
				EA04E5E923C71E6E00F34F29 /* AdminServiceTableViewCell.swift */,
			);
			path = AdminServiceTableViewCell;
			sourceTree = "<group>";
		};
		EA0B8B1C23A926620070143C /* Controller */ = {
			isa = PBXGroup;
			children = (
				EACF1D5023C70DA4008C2C28 /* AdminViewController */,
				EA0E4FD023B10F410023DB2F /* MapViewController */,
				EA1212C423A9BD910018CE0E /* ServicesViewController */,
				EA1212BD23A9B1E10018CE0E /* AddServiceViewController */,
				EA6B1F3E23A99155000B5510 /* RoadsViewController */,
				EA6B1F3923A9805F000B5510 /* MainViewController */,
				EA0B8B1E23A926870070143C /* LoginViewController */,
			);
			path = Controller;
			sourceTree = "<group>";
		};
		EA0B8B1D23A926740070143C /* Supporting Files */ = {
			isa = PBXGroup;
			children = (
				EA7C4F8A23A92591001F93B3 /* AppDelegate.swift */,
				EA7C4F8C23A92591001F93B3 /* SceneDelegate.swift */,
				EA7C4F9023A92591001F93B3 /* Main.storyboard */,
				EA7C4F9323A92593001F93B3 /* Assets.xcassets */,
				EA7C4F9523A92593001F93B3 /* LaunchScreen.storyboard */,
				EA7C4F9823A92593001F93B3 /* Info.plist */,
				EA0B8B2A23A92A330070143C /* Localizable.strings */,
			);
			name = "Supporting Files";
			sourceTree = "<group>";
		};
		EA0B8B1E23A926870070143C /* LoginViewController */ = {
			isa = PBXGroup;
			children = (
				EA0B8B1F23A926A80070143C /* LoginViewController.swift */,
			);
			path = LoginViewController;
			sourceTree = "<group>";
		};
		EA0B8B2123A926F50070143C /* Networking */ = {
			isa = PBXGroup;
			children = (
				EA4B02E623AE42A900093637 /* Command.swift */,
				EA4B02E323AE418A00093637 /* AuthorizationManager */,
				EA4B02E823AE4ACD00093637 /* RoadsManager */,
				EA4B02F223AE521C00093637 /* ServiceStationsManager */,
				EA4B02ED23AE4FE600093637 /* ServiceTypesManager */,
				EA04E5E323C717AE00F34F29 /* AdminManager */,
			);
			path = Networking;
			sourceTree = "<group>";
		};
		EA0B8B2223A927590070143C /* View */ = {
			isa = PBXGroup;
			children = (
				EA04E5E823C71E3A00F34F29 /* AdminServiceTableViewCell */,
				EAC3628123ABCAAE00BC5CBD /* MenuCollectionViewCell */,
				EA1212CD23A9C0560018CE0E /* ServiceTableViewCell */,
				EAF6E8B723A9A2670040E910 /* RoadTableViewCell */,
			);
			path = View;
			sourceTree = "<group>";
		};
		EA0B8B2323A927690070143C /* Model */ = {
			isa = PBXGroup;
			children = (
				EA0B8B3C23A94FC20070143C /* ServiceType.swift */,
				EA6B1F3723A9703A000B5510 /* User.swift */,
				EAF6E8BC23A9A2A80040E910 /* Road.swift */,
				EA1212C023A9B3CF0018CE0E /* ServiceStation.swift */,
			);
			path = Model;
			sourceTree = "<group>";
		};
		EA0B8B2C23A92B9D0070143C /* Helpers */ = {
			isa = PBXGroup;
			children = (
				EA0B8B2F23A92C8B0070143C /* Extensions */,
				EA0B8B2D23A92BB90070143C /* Const.swift */,
				EAA26F7223AD1ED8000E53F6 /* GradientColorCalculator.swift */,
			);
			path = Helpers;
			sourceTree = "<group>";
		};
		EA0B8B2F23A92C8B0070143C /* Extensions */ = {
			isa = PBXGroup;
			children = (
				EA0B8B3023A92CA10070143C /* UIButton+imageAlignment.swift */,
				EAC3628823ACD0CC00BC5CBD /* String+email.swift */,
				EADB6E4623ACD4DD00A6FA89 /* NSLayoutConstraint+multiplier.swift */,
				EADB6E4823ACEDA500A6FA89 /* UIView+textAnimation.swift */,
				EACD37B923B1258D004764AA /* Double+round.swift */,
			);
			path = Extensions;
			sourceTree = "<group>";
		};
		EA0E4FD023B10F410023DB2F /* MapViewController */ = {
			isa = PBXGroup;
			children = (
				EA0E4FD123B10F5A0023DB2F /* MapViewController.swift */,
				EACD37B723B124BD004764AA /* RouteInfo.swift */,
			);
			path = MapViewController;
			sourceTree = "<group>";
		};
		EA1212BD23A9B1E10018CE0E /* AddServiceViewController */ = {
			isa = PBXGroup;
			children = (
				EA1212BE23A9B20E0018CE0E /* AddServiceViewController.swift */,
			);
			path = AddServiceViewController;
			sourceTree = "<group>";
		};
		EA1212C423A9BD910018CE0E /* ServicesViewController */ = {
			isa = PBXGroup;
			children = (
				EA1212C523A9BDA60018CE0E /* ServicesViewController.swift */,
			);
			path = ServicesViewController;
			sourceTree = "<group>";
		};
		EA1212CD23A9C0560018CE0E /* ServiceTableViewCell */ = {
			isa = PBXGroup;
			children = (
				EA1212D023A9C08F0018CE0E /* ServiceTableViewCell.swift */,
				EA1212D123A9C08F0018CE0E /* ServiceTableViewCell.xib */,
				EA3AE02623B0CD1D00EF2639 /* ServiceTableViewCellDelegate.swift */,
			);
			path = ServiceTableViewCell;
			sourceTree = "<group>";
		};
		EA4B02E323AE418A00093637 /* AuthorizationManager */ = {
			isa = PBXGroup;
			children = (
				EA4B02E123AE413200093637 /* AuthorizationManager.swift */,
				EA4B02E423AE41A000093637 /* AuthorizationManagerOutput.swift */,
			);
			path = AuthorizationManager;
			sourceTree = "<group>";
		};
		EA4B02E823AE4ACD00093637 /* RoadsManager */ = {
			isa = PBXGroup;
			children = (
				EA4B02E923AE4AE000093637 /* RoadsManager.swift */,
				EA4B02EB23AE4AF200093637 /* RoadsManagerOutput.swift */,
			);
			path = RoadsManager;
			sourceTree = "<group>";
		};
		EA4B02ED23AE4FE600093637 /* ServiceTypesManager */ = {
			isa = PBXGroup;
			children = (
				EA4B02EE23AE4FFE00093637 /* ServiceTypesManager.swift */,
				EA4B02F023AE500A00093637 /* ServiceTypesManagerOutput.swift */,
			);
			path = ServiceTypesManager;
			sourceTree = "<group>";
		};
		EA4B02F223AE521C00093637 /* ServiceStationsManager */ = {
			isa = PBXGroup;
			children = (
				EA4B02F323AE522E00093637 /* ServiceStationsManager.swift */,
				EA4B02F523AE523D00093637 /* ServiceStationsManagerOutput.swift */,
			);
			path = ServiceStationsManager;
			sourceTree = "<group>";
		};
		EA6B1F3923A9805F000B5510 /* MainViewController */ = {
			isa = PBXGroup;
			children = (
				EA6B1F3A23A980A5000B5510 /* MainViewController.swift */,
			);
			path = MainViewController;
			sourceTree = "<group>";
		};
		EA6B1F3E23A99155000B5510 /* RoadsViewController */ = {
			isa = PBXGroup;
			children = (
				EA6B1F3C23A99152000B5510 /* RoadsViewController.swift */,
			);
			path = RoadsViewController;
			sourceTree = "<group>";
		};
		EA7C4F7E23A92591001F93B3 = {
			isa = PBXGroup;
			children = (
				EA7C4F8923A92591001F93B3 /* SmartRoadMobile */,
				EA7C4F8823A92591001F93B3 /* Products */,
				2F21A764CB493616BB8FE38A /* Pods */,
				28A2C9D90E90CA8323791EF3 /* Frameworks */,
			);
			sourceTree = "<group>";
		};
		EA7C4F8823A92591001F93B3 /* Products */ = {
			isa = PBXGroup;
			children = (
				EA7C4F8723A92591001F93B3 /* SmartRoadMobile.app */,
			);
			name = Products;
			sourceTree = "<group>";
		};
		EA7C4F8923A92591001F93B3 /* SmartRoadMobile */ = {
			isa = PBXGroup;
			children = (
				EA0B8B2323A927690070143C /* Model */,
				EA0B8B2223A927590070143C /* View */,
				EA0B8B1C23A926620070143C /* Controller */,
				EA0B8B2123A926F50070143C /* Networking */,
				EA0B8B2C23A92B9D0070143C /* Helpers */,
				EAA26F6323AD0E24000E53F6 /* Fonts */,
				EA0B8B1D23A926740070143C /* Supporting Files */,
			);
			path = SmartRoadMobile;
			sourceTree = "<group>";
		};
		EAA26F6323AD0E24000E53F6 /* Fonts */ = {
			isa = PBXGroup;
			children = (
				EAA26F6423AD0E5A000E53F6 /* Oswald-Bold.ttf */,
				EAA26F6723AD0E5A000E53F6 /* Oswald-ExtraLight.ttf */,
				EAA26F6523AD0E5A000E53F6 /* Oswald-Light.ttf */,
				EAA26F6823AD0E5A000E53F6 /* Oswald-Medium.ttf */,
				EAA26F6623AD0E5A000E53F6 /* Oswald-Regular.ttf */,
				EAA26F6923AD0E5A000E53F6 /* Oswald-SemiBold.ttf */,
			);
			path = Fonts;
			sourceTree = "<group>";
		};
		EAC3628123ABCAAE00BC5CBD /* MenuCollectionViewCell */ = {
			isa = PBXGroup;
			children = (
				EAC3628223ABCAC800BC5CBD /* MenuCollectionViewCell.swift */,
				EAC3628323ABCAC800BC5CBD /* MenuCollectionViewCell.xib */,
				EAC3628623ABCCDD00BC5CBD /* MenuItem.swift */,
				EAA26F7023AD1907000E53F6 /* MenuCollectionViewCellDelegate.swift */,
			);
			path = MenuCollectionViewCell;
			sourceTree = "<group>";
		};
		EACF1D5023C70DA4008C2C28 /* AdminViewController */ = {
			isa = PBXGroup;
			children = (
				EACF1D5123C7105C008C2C28 /* AdminViewController.swift */,
			);
			path = AdminViewController;
			sourceTree = "<group>";
		};
		EAF6E8B723A9A2670040E910 /* RoadTableViewCell */ = {
			isa = PBXGroup;
			children = (
				EAF6E8B823A9A2900040E910 /* RoadTableViewCell.swift */,
				EAF6E8B923A9A2900040E910 /* RoadTableViewCell.xib */,
			);
			path = RoadTableViewCell;
			sourceTree = "<group>";
		};
/* End PBXGroup section */

/* Begin PBXNativeTarget section */
		EA7C4F8623A92591001F93B3 /* SmartRoadMobile */ = {
			isa = PBXNativeTarget;
			buildConfigurationList = EA7C4F9B23A92593001F93B3 /* Build configuration list for PBXNativeTarget "SmartRoadMobile" */;
			buildPhases = (
				2FD9A4ECF407121E13350E7D /* [CP] Check Pods Manifest.lock */,
				EA7C4F8323A92591001F93B3 /* Sources */,
				EA7C4F8423A92591001F93B3 /* Frameworks */,
				EA7C4F8523A92591001F93B3 /* Resources */,
				B2ADF02944D36A8952CAB8E8 /* [CP] Embed Pods Frameworks */,
			);
			buildRules = (
			);
			dependencies = (
			);
			name = SmartRoadMobile;
			productName = SmartRoadMobile;
			productReference = EA7C4F8723A92591001F93B3 /* SmartRoadMobile.app */;
			productType = "com.apple.product-type.application";
		};
/* End PBXNativeTarget section */

/* Begin PBXProject section */
		EA7C4F7F23A92591001F93B3 /* Project object */ = {
			isa = PBXProject;
			attributes = {
				LastSwiftUpdateCheck = 1100;
				LastUpgradeCheck = 1100;
				ORGANIZATIONNAME = "Illia Khrypunov";
				TargetAttributes = {
					EA7C4F8623A92591001F93B3 = {
						CreatedOnToolsVersion = 11.0;
					};
				};
			};
			buildConfigurationList = EA7C4F8223A92591001F93B3 /* Build configuration list for PBXProject "SmartRoadMobile" */;
			compatibilityVersion = "Xcode 9.3";
			developmentRegion = en;
			hasScannedForEncodings = 0;
			knownRegions = (
				en,
				Base,
				uk,
			);
			mainGroup = EA7C4F7E23A92591001F93B3;
			productRefGroup = EA7C4F8823A92591001F93B3 /* Products */;
			projectDirPath = "";
			projectRoot = "";
			targets = (
				EA7C4F8623A92591001F93B3 /* SmartRoadMobile */,
			);
		};
/* End PBXProject section */

/* Begin PBXResourcesBuildPhase section */
		EA7C4F8523A92591001F93B3 /* Resources */ = {
			isa = PBXResourcesBuildPhase;
			buildActionMask = 2147483647;
			files = (
				EAC3628523ABCAC800BC5CBD /* MenuCollectionViewCell.xib in Resources */,
				EA7C4F9723A92593001F93B3 /* LaunchScreen.storyboard in Resources */,
				EA0B8B2823A92A330070143C /* Localizable.strings in Resources */,
				EAA26F6B23AD0E5B000E53F6 /* Oswald-Light.ttf in Resources */,
				EAA26F6A23AD0E5B000E53F6 /* Oswald-Bold.ttf in Resources */,
				EAA26F6D23AD0E5B000E53F6 /* Oswald-ExtraLight.ttf in Resources */,
				EAA26F6C23AD0E5B000E53F6 /* Oswald-Regular.ttf in Resources */,
				EAF6E8BB23A9A2900040E910 /* RoadTableViewCell.xib in Resources */,
				EA1212D323A9C08F0018CE0E /* ServiceTableViewCell.xib in Resources */,
				EAA26F6E23AD0E5B000E53F6 /* Oswald-Medium.ttf in Resources */,
				EA7C4F9423A92593001F93B3 /* Assets.xcassets in Resources */,
				EAA26F6F23AD0E5B000E53F6 /* Oswald-SemiBold.ttf in Resources */,
				EA7C4F9223A92591001F93B3 /* Main.storyboard in Resources */,
			);
			runOnlyForDeploymentPostprocessing = 0;
		};
/* End PBXResourcesBuildPhase section */

/* Begin PBXShellScriptBuildPhase section */
		2FD9A4ECF407121E13350E7D /* [CP] Check Pods Manifest.lock */ = {
			isa = PBXShellScriptBuildPhase;
			buildActionMask = 2147483647;
			files = (
			);
			inputFileListPaths = (
			);
			inputPaths = (
				"${PODS_PODFILE_DIR_PATH}/Podfile.lock",
				"${PODS_ROOT}/Manifest.lock",
			);
			name = "[CP] Check Pods Manifest.lock";
			outputFileListPaths = (
			);
			outputPaths = (
				"$(DERIVED_FILE_DIR)/Pods-SmartRoadMobile-checkManifestLockResult.txt",
			);
			runOnlyForDeploymentPostprocessing = 0;
			shellPath = /bin/sh;
			shellScript = "diff \"${PODS_PODFILE_DIR_PATH}/Podfile.lock\" \"${PODS_ROOT}/Manifest.lock\" > /dev/null\nif [ $? != 0 ] ; then\n    # print error to STDERR\n    echo \"error: The sandbox is not in sync with the Podfile.lock. Run 'pod install' or update your CocoaPods installation.\" >&2\n    exit 1\nfi\n# This output is used by Xcode 'outputs' to avoid re-running this script phase.\necho \"SUCCESS\" > \"${SCRIPT_OUTPUT_FILE_0}\"\n";
			showEnvVarsInLog = 0;
		};
		B2ADF02944D36A8952CAB8E8 /* [CP] Embed Pods Frameworks */ = {
			isa = PBXShellScriptBuildPhase;
			buildActionMask = 2147483647;
			files = (
			);
			inputFileListPaths = (
				"${PODS_ROOT}/Target Support Files/Pods-SmartRoadMobile/Pods-SmartRoadMobile-frameworks-${CONFIGURATION}-input-files.xcfilelist",
			);
			name = "[CP] Embed Pods Frameworks";
			outputFileListPaths = (
				"${PODS_ROOT}/Target Support Files/Pods-SmartRoadMobile/Pods-SmartRoadMobile-frameworks-${CONFIGURATION}-output-files.xcfilelist",
			);
			runOnlyForDeploymentPostprocessing = 0;
			shellPath = /bin/sh;
			shellScript = "\"${PODS_ROOT}/Target Support Files/Pods-SmartRoadMobile/Pods-SmartRoadMobile-frameworks.sh\"\n";
			showEnvVarsInLog = 0;
		};
/* End PBXShellScriptBuildPhase section */

/* Begin PBXSourcesBuildPhase section */
		EA7C4F8323A92591001F93B3 /* Sources */ = {
			isa = PBXSourcesBuildPhase;
			buildActionMask = 2147483647;
			files = (
				EACF1D5223C7105C008C2C28 /* AdminViewController.swift in Sources */,
				EA4B02F423AE522E00093637 /* ServiceStationsManager.swift in Sources */,
				EA0B8B2023A926A80070143C /* LoginViewController.swift in Sources */,
				EA4B02EA23AE4AE000093637 /* RoadsManager.swift in Sources */,
				EA1212C123A9B3CF0018CE0E /* ServiceStation.swift in Sources */,
				EADB6E4923ACEDA500A6FA89 /* UIView+textAnimation.swift in Sources */,
				EA7C4F8B23A92591001F93B3 /* AppDelegate.swift in Sources */,
				EACD37BA23B1258D004764AA /* Double+round.swift in Sources */,
				EA7C4F8D23A92591001F93B3 /* SceneDelegate.swift in Sources */,
				EA1212C623A9BDA60018CE0E /* ServicesViewController.swift in Sources */,
				EA4B02F623AE523D00093637 /* ServiceStationsManagerOutput.swift in Sources */,
				EA0B8B2E23A92BB90070143C /* Const.swift in Sources */,
				EA4B02E223AE413200093637 /* AuthorizationManager.swift in Sources */,
				EAC3628423ABCAC800BC5CBD /* MenuCollectionViewCell.swift in Sources */,
				EA4B02E523AE41A000093637 /* AuthorizationManagerOutput.swift in Sources */,
				EA4B02F123AE500A00093637 /* ServiceTypesManagerOutput.swift in Sources */,
				EA6B1F3823A9703A000B5510 /* User.swift in Sources */,
				EAC3628923ACD0CC00BC5CBD /* String+email.swift in Sources */,
				EA4B02EC23AE4AF200093637 /* RoadsManagerOutput.swift in Sources */,
				EAA26F7123AD1907000E53F6 /* MenuCollectionViewCellDelegate.swift in Sources */,
				EAF6E8BA23A9A2900040E910 /* RoadTableViewCell.swift in Sources */,
				EA6B1F3D23A99152000B5510 /* RoadsViewController.swift in Sources */,
				EA0B8B3123A92CA10070143C /* UIButton+imageAlignment.swift in Sources */,
				EACD37B823B124BD004764AA /* RouteInfo.swift in Sources */,
				EA4B02EF23AE4FFE00093637 /* ServiceTypesManager.swift in Sources */,
				EA0E4FD223B10F5A0023DB2F /* MapViewController.swift in Sources */,
				EA1212BF23A9B20E0018CE0E /* AddServiceViewController.swift in Sources */,
				EA04E5E523C717C900F34F29 /* AdminManager.swift in Sources */,
				EA0B8B3D23A94FC20070143C /* ServiceType.swift in Sources */,
				EA4B02E723AE42A900093637 /* Command.swift in Sources */,
				EA1212D223A9C08F0018CE0E /* ServiceTableViewCell.swift in Sources */,
				EADB6E4723ACD4DD00A6FA89 /* NSLayoutConstraint+multiplier.swift in Sources */,
				EA04E5E723C717D500F34F29 /* AdminManagerOutput.swift in Sources */,
				EAC3628723ABCCDD00BC5CBD /* MenuItem.swift in Sources */,
				EA3AE02723B0CD1D00EF2639 /* ServiceTableViewCellDelegate.swift in Sources */,
				EAF6E8BD23A9A2A80040E910 /* Road.swift in Sources */,
				EA6B1F3B23A980A5000B5510 /* MainViewController.swift in Sources */,
				EAA26F7323AD1ED8000E53F6 /* GradientColorCalculator.swift in Sources */,
				EA04E5EA23C71E6E00F34F29 /* AdminServiceTableViewCell.swift in Sources */,
			);
			runOnlyForDeploymentPostprocessing = 0;
		};
/* End PBXSourcesBuildPhase section */

/* Begin PBXVariantGroup section */
		EA0B8B2A23A92A330070143C /* Localizable.strings */ = {
			isa = PBXVariantGroup;
			children = (
				EA0B8B2923A92A330070143C /* en */,
				EA0B8B2B23A92A5D0070143C /* uk */,
			);
			name = Localizable.strings;
			sourceTree = "<group>";
		};
		EA7C4F9023A92591001F93B3 /* Main.storyboard */ = {
			isa = PBXVariantGroup;
			children = (
				EA7C4F9123A92591001F93B3 /* Base */,
			);
			name = Main.storyboard;
			sourceTree = "<group>";
		};
		EA7C4F9523A92593001F93B3 /* LaunchScreen.storyboard */ = {
			isa = PBXVariantGroup;
			children = (
				EA7C4F9623A92593001F93B3 /* Base */,
			);
			name = LaunchScreen.storyboard;
			sourceTree = "<group>";
		};
/* End PBXVariantGroup section */

/* Begin XCBuildConfiguration section */
		EA7C4F9923A92593001F93B3 /* Debug */ = {
			isa = XCBuildConfiguration;
			buildSettings = {
				ALWAYS_SEARCH_USER_PATHS = NO;
				CLANG_ANALYZER_LOCALIZABILITY_NONLOCALIZED = YES;
				CLANG_ANALYZER_NONNULL = YES;
				CLANG_ANALYZER_NUMBER_OBJECT_CONVERSION = YES_AGGRESSIVE;
				CLANG_CXX_LANGUAGE_STANDARD = "gnu++14";
				CLANG_CXX_LIBRARY = "libc++";
				CLANG_ENABLE_MODULES = YES;
				CLANG_ENABLE_OBJC_ARC = YES;
				CLANG_ENABLE_OBJC_WEAK = YES;
				CLANG_WARN_BLOCK_CAPTURE_AUTORELEASING = YES;
				CLANG_WARN_BOOL_CONVERSION = YES;
				CLANG_WARN_COMMA = YES;
				CLANG_WARN_CONSTANT_CONVERSION = YES;
				CLANG_WARN_DEPRECATED_OBJC_IMPLEMENTATIONS = YES;
				CLANG_WARN_DIRECT_OBJC_ISA_USAGE = YES_ERROR;
				CLANG_WARN_DOCUMENTATION_COMMENTS = YES;
				CLANG_WARN_EMPTY_BODY = YES;
				CLANG_WARN_ENUM_CONVERSION = YES;
				CLANG_WARN_INFINITE_RECURSION = YES;
				CLANG_WARN_INT_CONVERSION = YES;
				CLANG_WARN_NON_LITERAL_NULL_CONVERSION = YES;
				CLANG_WARN_OBJC_IMPLICIT_RETAIN_SELF = YES;
				CLANG_WARN_OBJC_LITERAL_CONVERSION = YES;
				CLANG_WARN_OBJC_ROOT_CLASS = YES_ERROR;
				CLANG_WARN_RANGE_LOOP_ANALYSIS = YES;
				CLANG_WARN_STRICT_PROTOTYPES = YES;
				CLANG_WARN_SUSPICIOUS_MOVE = YES;
				CLANG_WARN_UNGUARDED_AVAILABILITY = YES_AGGRESSIVE;
				CLANG_WARN_UNREACHABLE_CODE = YES;
				CLANG_WARN__DUPLICATE_METHOD_MATCH = YES;
				COPY_PHASE_STRIP = NO;
				DEBUG_INFORMATION_FORMAT = dwarf;
				ENABLE_STRICT_OBJC_MSGSEND = YES;
				ENABLE_TESTABILITY = YES;
				GCC_C_LANGUAGE_STANDARD = gnu11;
				GCC_DYNAMIC_NO_PIC = NO;
				GCC_NO_COMMON_BLOCKS = YES;
				GCC_OPTIMIZATION_LEVEL = 0;
				GCC_PREPROCESSOR_DEFINITIONS = (
					"DEBUG=1",
					"$(inherited)",
				);
				GCC_WARN_64_TO_32_BIT_CONVERSION = YES;
				GCC_WARN_ABOUT_RETURN_TYPE = YES_ERROR;
				GCC_WARN_UNDECLARED_SELECTOR = YES;
				GCC_WARN_UNINITIALIZED_AUTOS = YES_AGGRESSIVE;
				GCC_WARN_UNUSED_FUNCTION = YES;
				GCC_WARN_UNUSED_VARIABLE = YES;
				IPHONEOS_DEPLOYMENT_TARGET = 13.0;
				MTL_ENABLE_DEBUG_INFO = INCLUDE_SOURCE;
				MTL_FAST_MATH = YES;
				ONLY_ACTIVE_ARCH = YES;
				SDKROOT = iphoneos;
				SWIFT_ACTIVE_COMPILATION_CONDITIONS = DEBUG;
				SWIFT_OPTIMIZATION_LEVEL = "-Onone";
			};
			name = Debug;
		};
		EA7C4F9A23A92593001F93B3 /* Release */ = {
			isa = XCBuildConfiguration;
			buildSettings = {
				ALWAYS_SEARCH_USER_PATHS = NO;
				CLANG_ANALYZER_LOCALIZABILITY_NONLOCALIZED = YES;
				CLANG_ANALYZER_NONNULL = YES;
				CLANG_ANALYZER_NUMBER_OBJECT_CONVERSION = YES_AGGRESSIVE;
				CLANG_CXX_LANGUAGE_STANDARD = "gnu++14";
				CLANG_CXX_LIBRARY = "libc++";
				CLANG_ENABLE_MODULES = YES;
				CLANG_ENABLE_OBJC_ARC = YES;
				CLANG_ENABLE_OBJC_WEAK = YES;
				CLANG_WARN_BLOCK_CAPTURE_AUTORELEASING = YES;
				CLANG_WARN_BOOL_CONVERSION = YES;
				CLANG_WARN_COMMA = YES;
				CLANG_WARN_CONSTANT_CONVERSION = YES;
				CLANG_WARN_DEPRECATED_OBJC_IMPLEMENTATIONS = YES;
				CLANG_WARN_DIRECT_OBJC_ISA_USAGE = YES_ERROR;
				CLANG_WARN_DOCUMENTATION_COMMENTS = YES;
				CLANG_WARN_EMPTY_BODY = YES;
				CLANG_WARN_ENUM_CONVERSION = YES;
				CLANG_WARN_INFINITE_RECURSION = YES;
				CLANG_WARN_INT_CONVERSION = YES;
				CLANG_WARN_NON_LITERAL_NULL_CONVERSION = YES;
				CLANG_WARN_OBJC_IMPLICIT_RETAIN_SELF = YES;
				CLANG_WARN_OBJC_LITERAL_CONVERSION = YES;
				CLANG_WARN_OBJC_ROOT_CLASS = YES_ERROR;
				CLANG_WARN_RANGE_LOOP_ANALYSIS = YES;
				CLANG_WARN_STRICT_PROTOTYPES = YES;
				CLANG_WARN_SUSPICIOUS_MOVE = YES;
				CLANG_WARN_UNGUARDED_AVAILABILITY = YES_AGGRESSIVE;
				CLANG_WARN_UNREACHABLE_CODE = YES;
				CLANG_WARN__DUPLICATE_METHOD_MATCH = YES;
				COPY_PHASE_STRIP = NO;
				DEBUG_INFORMATION_FORMAT = "dwarf-with-dsym";
				ENABLE_NS_ASSERTIONS = NO;
				ENABLE_STRICT_OBJC_MSGSEND = YES;
				GCC_C_LANGUAGE_STANDARD = gnu11;
				GCC_NO_COMMON_BLOCKS = YES;
				GCC_WARN_64_TO_32_BIT_CONVERSION = YES;
				GCC_WARN_ABOUT_RETURN_TYPE = YES_ERROR;
				GCC_WARN_UNDECLARED_SELECTOR = YES;
				GCC_WARN_UNINITIALIZED_AUTOS = YES_AGGRESSIVE;
				GCC_WARN_UNUSED_FUNCTION = YES;
				GCC_WARN_UNUSED_VARIABLE = YES;
				IPHONEOS_DEPLOYMENT_TARGET = 13.0;
				MTL_ENABLE_DEBUG_INFO = NO;
				MTL_FAST_MATH = YES;
				SDKROOT = iphoneos;
				SWIFT_COMPILATION_MODE = wholemodule;
				SWIFT_OPTIMIZATION_LEVEL = "-O";
				VALIDATE_PRODUCT = YES;
			};
			name = Release;
		};
		EA7C4F9C23A92593001F93B3 /* Debug */ = {
			isa = XCBuildConfiguration;
			baseConfigurationReference = 69CB9B8A95AA2CE42CD3CE27 /* Pods-SmartRoadMobile.debug.xcconfig */;
			buildSettings = {
				ASSETCATALOG_COMPILER_APPICON_NAME = AppIcon;
				CODE_SIGN_STYLE = Automatic;
				DEVELOPMENT_TEAM = 4XL84F39P3;
				INFOPLIST_FILE = SmartRoadMobile/Info.plist;
				IPHONEOS_DEPLOYMENT_TARGET = 13.0;
				LD_RUNPATH_SEARCH_PATHS = (
					"$(inherited)",
					"@executable_path/Frameworks",
				);
				PRODUCT_BUNDLE_IDENTIFIER = com.captainblack.SmartRoadMobile;
				PRODUCT_NAME = "$(TARGET_NAME)";
				SWIFT_VERSION = 5.0;
				TARGETED_DEVICE_FAMILY = "1,2";
			};
			name = Debug;
		};
		EA7C4F9D23A92593001F93B3 /* Release */ = {
			isa = XCBuildConfiguration;
			baseConfigurationReference = 69E661D9335B70A898D87401 /* Pods-SmartRoadMobile.release.xcconfig */;
			buildSettings = {
				ASSETCATALOG_COMPILER_APPICON_NAME = AppIcon;
				CODE_SIGN_STYLE = Automatic;
				DEVELOPMENT_TEAM = 4XL84F39P3;
				INFOPLIST_FILE = SmartRoadMobile/Info.plist;
				IPHONEOS_DEPLOYMENT_TARGET = 13.0;
				LD_RUNPATH_SEARCH_PATHS = (
					"$(inherited)",
					"@executable_path/Frameworks",
				);
				PRODUCT_BUNDLE_IDENTIFIER = com.captainblack.SmartRoadMobile;
				PRODUCT_NAME = "$(TARGET_NAME)";
				SWIFT_VERSION = 5.0;
				TARGETED_DEVICE_FAMILY = "1,2";
			};
			name = Release;
		};
/* End XCBuildConfiguration section */

/* Begin XCConfigurationList section */
		EA7C4F8223A92591001F93B3 /* Build configuration list for PBXProject "SmartRoadMobile" */ = {
			isa = XCConfigurationList;
			buildConfigurations = (
				EA7C4F9923A92593001F93B3 /* Debug */,
				EA7C4F9A23A92593001F93B3 /* Release */,
			);
			defaultConfigurationIsVisible = 0;
			defaultConfigurationName = Release;
		};
		EA7C4F9B23A92593001F93B3 /* Build configuration list for PBXNativeTarget "SmartRoadMobile" */ = {
			isa = XCConfigurationList;
			buildConfigurations = (
				EA7C4F9C23A92593001F93B3 /* Debug */,
				EA7C4F9D23A92593001F93B3 /* Release */,
			);
			defaultConfigurationIsVisible = 0;
			defaultConfigurationName = Release;
		};
/* End XCConfigurationList section */
	};
	rootObject = EA7C4F7F23A92591001F93B3 /* Project object */;
}
