PODS:
  - Alamofire (4.9.1)
  - Charts (3.4.0):
    - Charts/Core (= 3.4.0)
  - Charts/Core (3.4.0)
  - iOSDropDown (0.3.4)
  - LanguageManager-iOS (1.2.0)
  - SDWebImage (5.4.0):
    - SDWebImage/Core (= 5.4.0)
  - SDWebImage/Core (5.4.0)
  - SwiftyJSON (5.0.0)
  - Toast-Swift (5.0.0)
  - ZKCarousel (1.0.2)

DEPENDENCIES:
  - Alamofire
  - Charts
  - iOSDropDown
  - LanguageManager-iOS
  - SDWebImage
  - SwiftyJSON
  - Toast-Swift
  - ZKCarousel

SPEC REPOS:
  trunk:
    - Alamofire
    - Charts
    - iOSDropDown
    - LanguageManager-iOS
    - SDWebImage
    - SwiftyJSON
    - Toast-Swift
    - ZKCarousel

SPEC CHECKSUMS:
  Alamofire: 85e8a02c69d6020a0d734f6054870d7ecb75cf18
  Charts: 74c9f256eaf0460c0c416522d1cf8c634ea6b286
  iOSDropDown: c10a761f9a00c3f1cc9d3bce43ae504628e2f692
  LanguageManager-iOS: 516c4f088435c83cbdbddfc5179f88e4e0d39eb4
  SDWebImage: 5bf6aec6481ae2a062bdc59f9d6c1d1e552090e0
  SwiftyJSON: 36413e04c44ee145039d332b4f4e2d3e8d6c4db7
  Toast-Swift: 36f4720243c8582c2be243a60a51e193c761f541
  ZKCarousel: e54cdf2a5da6400c7e95bd6df5cbb001dc28883e

PODFILE CHECKSUM: 2f73e9365f3f2e607592daf489cd27be217c8200

COCOAPODS: 1.8.0
